
Microsoft Visual Studio Solution File, Format Version 12.00
# Visual Studio Version 17
VisualStudioVersion = 17.5.33424.131
MinimumVisualStudioVersion = 10.0.40219.1
Project("{FAE04EC0-301F-11D3-BF4B-00C04F79EFBC}") = "GYWeek1", "GYWeek1\GYWeek1.csproj", "{8247297C-7A94-4D05-B9CA-C831E25E1D19}"
EndProject
Global
	GlobalSection(SolutionConfigurationPlatforms) = preSolution
		Debug|Any CPU = Debug|Any CPU
		Release|Any CPU = Release|Any CPU
	EndGlobalSection
	GlobalSection(ProjectConfigurationPlatforms) = postSolution
		{8247297C-7A94-4D05-B9CA-C831E25E1D19}.Debug|Any CPU.ActiveCfg = Debug|Any CPU
		{8247297C-7A94-4D05-B9CA-C831E25E1D19}.Debug|Any CPU.Build.0 = Debug|Any CPU
		{8247297C-7A94-4D05-B9CA-C831E25E1D19}.Release|Any CPU.ActiveCfg = Release|Any CPU
		{8247297C-7A94-4D05-B9CA-C831E25E1D19}.Release|Any CPU.Build.0 = Release|Any CPU
	EndGlobalSection
	GlobalSection(SolutionProperties) = preSolution
		HideSolutionNode = FALSE
	EndGlobalSection
	GlobalSection(ExtensibilityGlobals) = postSolution
		SolutionGuid = {3FFB2CCB-D52F-4038-9E8B-ABF9E47F8E58}
	EndGlobalSection
EndGlobal
